
Microsoft Visual Studio Solution File, Format Version 12.00
# Visual Studio Version 16
VisualStudioVersion = 16.0.32901.82
MinimumVisualStudioVersion = 10.0.40219.1
Project("{FAE04EC0-301F-11D3-BF4B-00C04F79EFBC}") = "pz_18", "pz_18.csproj", "{A5F689B1-DDA5-4DB8-A190-0AB24DDED209}"
EndProject
Global
	GlobalSection(SolutionConfigurationPlatforms) = preSolution
		Debug|Any CPU = Debug|Any CPU
		Release|Any CPU = Release|Any CPU
	EndGlobalSection
	GlobalSection(ProjectConfigurationPlatforms) = postSolution
		{A5F689B1-DDA5-4DB8-A190-0AB24DDED209}.Debug|Any CPU.ActiveCfg = Debug|Any CPU
		{A5F689B1-DDA5-4DB8-A190-0AB24DDED209}.Debug|Any CPU.Build.0 = Debug|Any CPU
		{A5F689B1-DDA5-4DB8-A190-0AB24DDED209}.Release|Any CPU.ActiveCfg = Release|Any CPU
		{A5F689B1-DDA5-4DB8-A190-0AB24DDED209}.Release|Any CPU.Build.0 = Release|Any CPU
	EndGlobalSection
	GlobalSection(SolutionProperties) = preSolution
		HideSolutionNode = FALSE
	EndGlobalSection
	GlobalSection(ExtensibilityGlobals) = postSolution
		SolutionGuid = {D1AF22D7-E5E6-4FE9-8A1A-5F4CA3458914}
	EndGlobalSection
EndGlobal
